
Microsoft Visual Studio Solution File, Format Version 12.00
# Visual Studio Version 17
VisualStudioVersion = 17.5.33530.505
MinimumVisualStudioVersion = 10.0.40219.1
Project("{FAE04EC0-301F-11D3-BF4B-00C04F79EFBC}") = "MVCRouting", "MVCRouting\MVCRouting.csproj", "{A8850C93-45FC-45FD-B5A3-DFD304A9AE9C}"
EndProject
Global
	GlobalSection(SolutionConfigurationPlatforms) = preSolution
		Debug|Any CPU = Debug|Any CPU
		Release|Any CPU = Release|Any CPU
	EndGlobalSection
	GlobalSection(ProjectConfigurationPlatforms) = postSolution
		{A8850C93-45FC-45FD-B5A3-DFD304A9AE9C}.Debug|Any CPU.ActiveCfg = Debug|Any CPU
		{A8850C93-45FC-45FD-B5A3-DFD304A9AE9C}.Debug|Any CPU.Build.0 = Debug|Any CPU
		{A8850C93-45FC-45FD-B5A3-DFD304A9AE9C}.Release|Any CPU.ActiveCfg = Release|Any CPU
		{A8850C93-45FC-45FD-B5A3-DFD304A9AE9C}.Release|Any CPU.Build.0 = Release|Any CPU
	EndGlobalSection
	GlobalSection(SolutionProperties) = preSolution
		HideSolutionNode = FALSE
	EndGlobalSection
	GlobalSection(ExtensibilityGlobals) = postSolution
		SolutionGuid = {F66D1E08-643C-4735-A7C2-914F65C9B614}
	EndGlobalSection
EndGlobal
